
Microsoft Visual Studio Solution File, Format Version 12.00
# Visual Studio 15
VisualStudioVersion = 15.0.25807.0
MinimumVisualStudioVersion = 10.0.40219.1
Project("{D954291E-2A0B-460D-934E-DC6B0785DB48}") = "WeatherSpot", "WeatherSpot\WeatherSpot\WeatherSpot.shproj", "{D0170400-9FF3-4F22-892D-1A1D8D4C0B86}"
EndProject
Project("{FAE04EC0-301F-11D3-BF4B-00C04F79EFBC}") = "WeatherSpot.Droid", "WeatherSpot\WeatherSpot.Droid\WeatherSpot.Droid.csproj", "{D79BC06C-8695-44DD-80D8-31EDC86028D9}"
EndProject
Project("{FAE04EC0-301F-11D3-BF4B-00C04F79EFBC}") = "WeatherSpot.iOS", "WeatherSpot\WeatherSpot.iOS\WeatherSpot.iOS.csproj", "{F2EA6808-A6E5-438B-BB44-B5920E752691}"
EndProject
Project("{FAE04EC0-301F-11D3-BF4B-00C04F79EFBC}") = "WeatherSpot.UWP", "WeatherSpot\WeatherSpot.UWP\WeatherSpot.UWP.csproj", "{D094D63B-A7DD-44D2-93B8-AF364B49108B}"
EndProject
Global
	GlobalSection(SharedMSBuildProjectFiles) = preSolution
		WeatherSpot\WeatherSpot\WeatherSpot.projitems*{d0170400-9ff3-4f22-892d-1a1d8d4c0b86}*SharedItemsImports = 13
		WeatherSpot\WeatherSpot\WeatherSpot.projitems*{d094d63b-a7dd-44d2-93b8-af364b49108b}*SharedItemsImports = 4
		WeatherSpot\WeatherSpot\WeatherSpot.projitems*{d79bc06c-8695-44dd-80d8-31edc86028d9}*SharedItemsImports = 4
		WeatherSpot\WeatherSpot\WeatherSpot.projitems*{f2ea6808-a6e5-438b-bb44-b5920e752691}*SharedItemsImports = 4
	EndGlobalSection
	GlobalSection(SolutionConfigurationPlatforms) = preSolution
		Ad-Hoc|Any CPU = Ad-Hoc|Any CPU
		Ad-Hoc|ARM = Ad-Hoc|ARM
		Ad-Hoc|iPhone = Ad-Hoc|iPhone
		Ad-Hoc|iPhoneSimulator = Ad-Hoc|iPhoneSimulator
		Ad-Hoc|x64 = Ad-Hoc|x64
		Ad-Hoc|x86 = Ad-Hoc|x86
		AppStore|Any CPU = AppStore|Any CPU
		AppStore|ARM = AppStore|ARM
		AppStore|iPhone = AppStore|iPhone
		AppStore|iPhoneSimulator = AppStore|iPhoneSimulator
		AppStore|x64 = AppStore|x64
		AppStore|x86 = AppStore|x86
		Debug|Any CPU = Debug|Any CPU
		Debug|ARM = Debug|ARM
		Debug|iPhone = Debug|iPhone
		Debug|iPhoneSimulator = Debug|iPhoneSimulator
		Debug|x64 = Debug|x64
		Debug|x86 = Debug|x86
		Release|Any CPU = Release|Any CPU
		Release|ARM = Release|ARM
		Release|iPhone = Release|iPhone
		Release|iPhoneSimulator = Release|iPhoneSimulator
		Release|x64 = Release|x64
		Release|x86 = Release|x86
	EndGlobalSection
	GlobalSection(ProjectConfigurationPlatforms) = postSolution
		{D79BC06C-8695-44DD-80D8-31EDC86028D9}.Ad-Hoc|Any CPU.ActiveCfg = Release|Any CPU
		{D79BC06C-8695-44DD-80D8-31EDC86028D9}.Ad-Hoc|Any CPU.Build.0 = Release|Any CPU
		{D79BC06C-8695-44DD-80D8-31EDC86028D9}.Ad-Hoc|Any CPU.Deploy.0 = Release|Any CPU
		{D79BC06C-8695-44DD-80D8-31EDC86028D9}.Ad-Hoc|ARM.ActiveCfg = Release|Any CPU
		{D79BC06C-8695-44DD-80D8-31EDC86028D9}.Ad-Hoc|ARM.Build.0 = Release|Any CPU
		{D79BC06C-8695-44DD-80D8-31EDC86028D9}.Ad-Hoc|ARM.Deploy.0 = Release|Any CPU
		{D79BC06C-8695-44DD-80D8-31EDC86028D9}.Ad-Hoc|iPhone.ActiveCfg = Release|Any CPU
		{D79BC06C-8695-44DD-80D8-31EDC86028D9}.Ad-Hoc|iPhone.Build.0 = Release|Any CPU
		{D79BC06C-8695-44DD-80D8-31EDC86028D9}.Ad-Hoc|iPhone.Deploy.0 = Release|Any CPU
		{D79BC06C-8695-44DD-80D8-31EDC86028D9}.Ad-Hoc|iPhoneSimulator.ActiveCfg = Release|Any CPU
		{D79BC06C-8695-44DD-80D8-31EDC86028D9}.Ad-Hoc|iPhoneSimulator.Build.0 = Release|Any CPU
		{D79BC06C-8695-44DD-80D8-31EDC86028D9}.Ad-Hoc|iPhoneSimulator.Deploy.0 = Release|Any CPU
		{D79BC06C-8695-44DD-80D8-31EDC86028D9}.Ad-Hoc|x64.ActiveCfg = Release|Any CPU
		{D79BC06C-8695-44DD-80D8-31EDC86028D9}.Ad-Hoc|x64.Build.0 = Release|Any CPU
		{D79BC06C-8695-44DD-80D8-31EDC86028D9}.Ad-Hoc|x64.Deploy.0 = Release|Any CPU
		{D79BC06C-8695-44DD-80D8-31EDC86028D9}.Ad-Hoc|x86.ActiveCfg = Release|Any CPU
		{D79BC06C-8695-44DD-80D8-31EDC86028D9}.Ad-Hoc|x86.Build.0 = Release|Any CPU
		{D79BC06C-8695-44DD-80D8-31EDC86028D9}.Ad-Hoc|x86.Deploy.0 = Release|Any CPU
		{D79BC06C-8695-44DD-80D8-31EDC86028D9}.AppStore|Any CPU.ActiveCfg = Release|Any CPU
		{D79BC06C-8695-44DD-80D8-31EDC86028D9}.AppStore|Any CPU.Build.0 = Release|Any CPU
		{D79BC06C-8695-44DD-80D8-31EDC86028D9}.AppStore|Any CPU.Deploy.0 = Release|Any CPU
		{D79BC06C-8695-44DD-80D8-31EDC86028D9}.AppStore|ARM.ActiveCfg = Release|Any CPU
		{D79BC06C-8695-44DD-80D8-31EDC86028D9}.AppStore|ARM.Build.0 = Release|Any CPU
		{D79BC06C-8695-44DD-80D8-31EDC86028D9}.AppStore|ARM.Deploy.0 = Release|Any CPU
		{D79BC06C-8695-44DD-80D8-31EDC86028D9}.AppStore|iPhone.ActiveCfg = Release|Any CPU
		{D79BC06C-8695-44DD-80D8-31EDC86028D9}.AppStore|iPhone.Build.0 = Release|Any CPU
		{D79BC06C-8695-44DD-80D8-31EDC86028D9}.AppStore|iPhone.Deploy.0 = Release|Any CPU
		{D79BC06C-8695-44DD-80D8-31EDC86028D9}.AppStore|iPhoneSimulator.ActiveCfg = Release|Any CPU
		{D79BC06C-8695-44DD-80D8-31EDC86028D9}.AppStore|iPhoneSimulator.Build.0 = Release|Any CPU
		{D79BC06C-8695-44DD-80D8-31EDC86028D9}.AppStore|iPhoneSimulator.Deploy.0 = Release|Any CPU
		{D79BC06C-8695-44DD-80D8-31EDC86028D9}.AppStore|x64.ActiveCfg = Release|Any CPU
		{D79BC06C-8695-44DD-80D8-31EDC86028D9}.AppStore|x64.Build.0 = Release|Any CPU
		{D79BC06C-8695-44DD-80D8-31EDC86028D9}.AppStore|x64.Deploy.0 = Release|Any CPU
		{D79BC06C-8695-44DD-80D8-31EDC86028D9}.AppStore|x86.ActiveCfg = Release|Any CPU
		{D79BC06C-8695-44DD-80D8-31EDC86028D9}.AppStore|x86.Build.0 = Release|Any CPU
		{D79BC06C-8695-44DD-80D8-31EDC86028D9}.AppStore|x86.Deploy.0 = Release|Any CPU
		{D79BC06C-8695-44DD-80D8-31EDC86028D9}.Debug|Any CPU.ActiveCfg = Debug|Any CPU
		{D79BC06C-8695-44DD-80D8-31EDC86028D9}.Debug|Any CPU.Build.0 = Debug|Any CPU
		{D79BC06C-8695-44DD-80D8-31EDC86028D9}.Debug|Any CPU.Deploy.0 = Debug|Any CPU
		{D79BC06C-8695-44DD-80D8-31EDC86028D9}.Debug|ARM.ActiveCfg = Debug|Any CPU
		{D79BC06C-8695-44DD-80D8-31EDC86028D9}.Debug|ARM.Build.0 = Debug|Any CPU
		{D79BC06C-8695-44DD-80D8-31EDC86028D9}.Debug|ARM.Deploy.0 = Debug|Any CPU
		{D79BC06C-8695-44DD-80D8-31EDC86028D9}.Debug|iPhone.ActiveCfg = Debug|Any CPU
		{D79BC06C-8695-44DD-80D8-31EDC86028D9}.Debug|iPhone.Build.0 = Debug|Any CPU
		{D79BC06C-8695-44DD-80D8-31EDC86028D9}.Debug|iPhone.Deploy.0 = Debug|Any CPU
		{D79BC06C-8695-44DD-80D8-31EDC86028D9}.Debug|iPhoneSimulator.ActiveCfg = Debug|Any CPU
		{D79BC06C-8695-44DD-80D8-31EDC86028D9}.Debug|iPhoneSimulator.Build.0 = Debug|Any CPU
		{D79BC06C-8695-44DD-80D8-31EDC86028D9}.Debug|iPhoneSimulator.Deploy.0 = Debug|Any CPU
		{D79BC06C-8695-44DD-80D8-31EDC86028D9}.Debug|x64.ActiveCfg = Debug|Any CPU
		{D79BC06C-8695-44DD-80D8-31EDC86028D9}.Debug|x64.Build.0 = Debug|Any CPU
		{D79BC06C-8695-44DD-80D8-31EDC86028D9}.Debug|x64.Deploy.0 = Debug|Any CPU
		{D79BC06C-8695-44DD-80D8-31EDC86028D9}.Debug|x86.ActiveCfg = Debug|Any CPU
		{D79BC06C-8695-44DD-80D8-31EDC86028D9}.Debug|x86.Build.0 = Debug|Any CPU
		{D79BC06C-8695-44DD-80D8-31EDC86028D9}.Debug|x86.Deploy.0 = Debug|Any CPU
		{D79BC06C-8695-44DD-80D8-31EDC86028D9}.Release|Any CPU.ActiveCfg = Release|Any CPU
		{D79BC06C-8695-44DD-80D8-31EDC86028D9}.Release|Any CPU.Build.0 = Release|Any CPU
		{D79BC06C-8695-44DD-80D8-31EDC86028D9}.Release|Any CPU.Deploy.0 = Release|Any CPU
		{D79BC06C-8695-44DD-80D8-31EDC86028D9}.Release|ARM.ActiveCfg = Release|Any CPU
		{D79BC06C-8695-44DD-80D8-31EDC86028D9}.Release|ARM.Build.0 = Release|Any CPU
		{D79BC06C-8695-44DD-80D8-31EDC86028D9}.Release|ARM.Deploy.0 = Release|Any CPU
		{D79BC06C-8695-44DD-80D8-31EDC86028D9}.Release|iPhone.ActiveCfg = Release|Any CPU
		{D79BC06C-8695-44DD-80D8-31EDC86028D9}.Release|iPhone.Build.0 = Release|Any CPU
		{D79BC06C-8695-44DD-80D8-31EDC86028D9}.Release|iPhone.Deploy.0 = Release|Any CPU
		{D79BC06C-8695-44DD-80D8-31EDC86028D9}.Release|iPhoneSimulator.ActiveCfg = Release|Any CPU
		{D79BC06C-8695-44DD-80D8-31EDC86028D9}.Release|iPhoneSimulator.Build.0 = Release|Any CPU
		{D79BC06C-8695-44DD-80D8-31EDC86028D9}.Release|iPhoneSimulator.Deploy.0 = Release|Any CPU
		{D79BC06C-8695-44DD-80D8-31EDC86028D9}.Release|x64.ActiveCfg = Release|Any CPU
		{D79BC06C-8695-44DD-80D8-31EDC86028D9}.Release|x64.Build.0 = Release|Any CPU
		{D79BC06C-8695-44DD-80D8-31EDC86028D9}.Release|x64.Deploy.0 = Release|Any CPU
		{D79BC06C-8695-44DD-80D8-31EDC86028D9}.Release|x86.ActiveCfg = Release|Any CPU
		{D79BC06C-8695-44DD-80D8-31EDC86028D9}.Release|x86.Build.0 = Release|Any CPU
		{D79BC06C-8695-44DD-80D8-31EDC86028D9}.Release|x86.Deploy.0 = Release|Any CPU
		{F2EA6808-A6E5-438B-BB44-B5920E752691}.Ad-Hoc|Any CPU.ActiveCfg = Ad-Hoc|iPhone
		{F2EA6808-A6E5-438B-BB44-B5920E752691}.Ad-Hoc|ARM.ActiveCfg = Ad-Hoc|iPhone
		{F2EA6808-A6E5-438B-BB44-B5920E752691}.Ad-Hoc|iPhone.ActiveCfg = Ad-Hoc|iPhone
		{F2EA6808-A6E5-438B-BB44-B5920E752691}.Ad-Hoc|iPhone.Build.0 = Ad-Hoc|iPhone
		{F2EA6808-A6E5-438B-BB44-B5920E752691}.Ad-Hoc|iPhoneSimulator.ActiveCfg = Ad-Hoc|iPhoneSimulator
		{F2EA6808-A6E5-438B-BB44-B5920E752691}.Ad-Hoc|iPhoneSimulator.Build.0 = Ad-Hoc|iPhoneSimulator
		{F2EA6808-A6E5-438B-BB44-B5920E752691}.Ad-Hoc|x64.ActiveCfg = Ad-Hoc|iPhone
		{F2EA6808-A6E5-438B-BB44-B5920E752691}.Ad-Hoc|x86.ActiveCfg = Ad-Hoc|iPhone
		{F2EA6808-A6E5-438B-BB44-B5920E752691}.AppStore|Any CPU.ActiveCfg = AppStore|iPhone
		{F2EA6808-A6E5-438B-BB44-B5920E752691}.AppStore|ARM.ActiveCfg = AppStore|iPhone
		{F2EA6808-A6E5-438B-BB44-B5920E752691}.AppStore|iPhone.ActiveCfg = AppStore|iPhone
		{F2EA6808-A6E5-438B-BB44-B5920E752691}.AppStore|iPhone.Build.0 = AppStore|iPhone
		{F2EA6808-A6E5-438B-BB44-B5920E752691}.AppStore|iPhoneSimulator.ActiveCfg = AppStore|iPhoneSimulator
		{F2EA6808-A6E5-438B-BB44-B5920E752691}.AppStore|iPhoneSimulator.Build.0 = AppStore|iPhoneSimulator
		{F2EA6808-A6E5-438B-BB44-B5920E752691}.AppStore|x64.ActiveCfg = AppStore|iPhone
		{F2EA6808-A6E5-438B-BB44-B5920E752691}.AppStore|x86.ActiveCfg = AppStore|iPhone
		{F2EA6808-A6E5-438B-BB44-B5920E752691}.Debug|Any CPU.ActiveCfg = Debug|iPhone
		{F2EA6808-A6E5-438B-BB44-B5920E752691}.Debug|ARM.ActiveCfg = Debug|iPhone
		{F2EA6808-A6E5-438B-BB44-B5920E752691}.Debug|iPhone.ActiveCfg = Debug|iPhone
		{F2EA6808-A6E5-438B-BB44-B5920E752691}.Debug|iPhone.Build.0 = Debug|iPhone
		{F2EA6808-A6E5-438B-BB44-B5920E752691}.Debug|iPhoneSimulator.ActiveCfg = Debug|iPhoneSimulator
		{F2EA6808-A6E5-438B-BB44-B5920E752691}.Debug|iPhoneSimulator.Build.0 = Debug|iPhoneSimulator
		{F2EA6808-A6E5-438B-BB44-B5920E752691}.Debug|x64.ActiveCfg = Debug|iPhone
		{F2EA6808-A6E5-438B-BB44-B5920E752691}.Debug|x86.ActiveCfg = Debug|iPhone
		{F2EA6808-A6E5-438B-BB44-B5920E752691}.Release|Any CPU.ActiveCfg = Release|iPhone
		{F2EA6808-A6E5-438B-BB44-B5920E752691}.Release|ARM.ActiveCfg = Release|iPhone
		{F2EA6808-A6E5-438B-BB44-B5920E752691}.Release|iPhone.ActiveCfg = Release|iPhone
		{F2EA6808-A6E5-438B-BB44-B5920E752691}.Release|iPhone.Build.0 = Release|iPhone
		{F2EA6808-A6E5-438B-BB44-B5920E752691}.Release|iPhoneSimulator.ActiveCfg = Release|iPhoneSimulator
		{F2EA6808-A6E5-438B-BB44-B5920E752691}.Release|iPhoneSimulator.Build.0 = Release|iPhoneSimulator
		{F2EA6808-A6E5-438B-BB44-B5920E752691}.Release|x64.ActiveCfg = Release|iPhone
		{F2EA6808-A6E5-438B-BB44-B5920E752691}.Release|x86.ActiveCfg = Release|iPhone
		{D094D63B-A7DD-44D2-93B8-AF364B49108B}.Ad-Hoc|Any CPU.ActiveCfg = Release|x86
		{D094D63B-A7DD-44D2-93B8-AF364B49108B}.Ad-Hoc|Any CPU.Build.0 = Release|x86
		{D094D63B-A7DD-44D2-93B8-AF364B49108B}.Ad-Hoc|Any CPU.Deploy.0 = Release|x86
		{D094D63B-A7DD-44D2-93B8-AF364B49108B}.Ad-Hoc|ARM.ActiveCfg = Release|ARM
		{D094D63B-A7DD-44D2-93B8-AF364B49108B}.Ad-Hoc|ARM.Build.0 = Release|ARM
		{D094D63B-A7DD-44D2-93B8-AF364B49108B}.Ad-Hoc|ARM.Deploy.0 = Release|ARM
		{D094D63B-A7DD-44D2-93B8-AF364B49108B}.Ad-Hoc|iPhone.ActiveCfg = Release|x86
		{D094D63B-A7DD-44D2-93B8-AF364B49108B}.Ad-Hoc|iPhone.Build.0 = Release|x86
		{D094D63B-A7DD-44D2-93B8-AF364B49108B}.Ad-Hoc|iPhone.Deploy.0 = Release|x86
		{D094D63B-A7DD-44D2-93B8-AF364B49108B}.Ad-Hoc|iPhoneSimulator.ActiveCfg = Release|x86
		{D094D63B-A7DD-44D2-93B8-AF364B49108B}.Ad-Hoc|iPhoneSimulator.Build.0 = Release|x86
		{D094D63B-A7DD-44D2-93B8-AF364B49108B}.Ad-Hoc|iPhoneSimulator.Deploy.0 = Release|x86
		{D094D63B-A7DD-44D2-93B8-AF364B49108B}.Ad-Hoc|x64.ActiveCfg = Release|x64
		{D094D63B-A7DD-44D2-93B8-AF364B49108B}.Ad-Hoc|x64.Build.0 = Release|x64
		{D094D63B-A7DD-44D2-93B8-AF364B49108B}.Ad-Hoc|x64.Deploy.0 = Release|x64
		{D094D63B-A7DD-44D2-93B8-AF364B49108B}.Ad-Hoc|x86.ActiveCfg = Release|x86
		{D094D63B-A7DD-44D2-93B8-AF364B49108B}.Ad-Hoc|x86.Build.0 = Release|x86
		{D094D63B-A7DD-44D2-93B8-AF364B49108B}.Ad-Hoc|x86.Deploy.0 = Release|x86
		{D094D63B-A7DD-44D2-93B8-AF364B49108B}.AppStore|Any CPU.ActiveCfg = Release|x86
		{D094D63B-A7DD-44D2-93B8-AF364B49108B}.AppStore|Any CPU.Build.0 = Release|x86
		{D094D63B-A7DD-44D2-93B8-AF364B49108B}.AppStore|Any CPU.Deploy.0 = Release|x86
		{D094D63B-A7DD-44D2-93B8-AF364B49108B}.AppStore|ARM.ActiveCfg = Release|ARM
		{D094D63B-A7DD-44D2-93B8-AF364B49108B}.AppStore|ARM.Build.0 = Release|ARM
		{D094D63B-A7DD-44D2-93B8-AF364B49108B}.AppStore|ARM.Deploy.0 = Release|ARM
		{D094D63B-A7DD-44D2-93B8-AF364B49108B}.AppStore|iPhone.ActiveCfg = Release|x86
		{D094D63B-A7DD-44D2-93B8-AF364B49108B}.AppStore|iPhone.Build.0 = Release|x86
		{D094D63B-A7DD-44D2-93B8-AF364B49108B}.AppStore|iPhone.Deploy.0 = Release|x86
		{D094D63B-A7DD-44D2-93B8-AF364B49108B}.AppStore|iPhoneSimulator.ActiveCfg = Release|x86
		{D094D63B-A7DD-44D2-93B8-AF364B49108B}.AppStore|iPhoneSimulator.Build.0 = Release|x86
		{D094D63B-A7DD-44D2-93B8-AF364B49108B}.AppStore|iPhoneSimulator.Deploy.0 = Release|x86
		{D094D63B-A7DD-44D2-93B8-AF364B49108B}.AppStore|x64.ActiveCfg = Release|x64
		{D094D63B-A7DD-44D2-93B8-AF364B49108B}.AppStore|x64.Build.0 = Release|x64
		{D094D63B-A7DD-44D2-93B8-AF364B49108B}.AppStore|x64.Deploy.0 = Release|x64
		{D094D63B-A7DD-44D2-93B8-AF364B49108B}.AppStore|x86.ActiveCfg = Release|x86
		{D094D63B-A7DD-44D2-93B8-AF364B49108B}.AppStore|x86.Build.0 = Release|x86
		{D094D63B-A7DD-44D2-93B8-AF364B49108B}.AppStore|x86.Deploy.0 = Release|x86
		{D094D63B-A7DD-44D2-93B8-AF364B49108B}.Debug|Any CPU.ActiveCfg = Debug|x86
		{D094D63B-A7DD-44D2-93B8-AF364B49108B}.Debug|ARM.ActiveCfg = Debug|ARM
		{D094D63B-A7DD-44D2-93B8-AF364B49108B}.Debug|ARM.Build.0 = Debug|ARM
		{D094D63B-A7DD-44D2-93B8-AF364B49108B}.Debug|ARM.Deploy.0 = Debug|ARM
		{D094D63B-A7DD-44D2-93B8-AF364B49108B}.Debug|iPhone.ActiveCfg = Debug|x86
		{D094D63B-A7DD-44D2-93B8-AF364B49108B}.Debug|iPhoneSimulator.ActiveCfg = Debug|x86
		{D094D63B-A7DD-44D2-93B8-AF364B49108B}.Debug|x64.ActiveCfg = Debug|x64
		{D094D63B-A7DD-44D2-93B8-AF364B49108B}.Debug|x64.Build.0 = Debug|x64
		{D094D63B-A7DD-44D2-93B8-AF364B49108B}.Debug|x64.Deploy.0 = Debug|x64
		{D094D63B-A7DD-44D2-93B8-AF364B49108B}.Debug|x86.ActiveCfg = Debug|x86
		{D094D63B-A7DD-44D2-93B8-AF364B49108B}.Debug|x86.Build.0 = Debug|x86
		{D094D63B-A7DD-44D2-93B8-AF364B49108B}.Debug|x86.Deploy.0 = Debug|x86
		{D094D63B-A7DD-44D2-93B8-AF364B49108B}.Release|Any CPU.ActiveCfg = Release|x86
		{D094D63B-A7DD-44D2-93B8-AF364B49108B}.Release|ARM.ActiveCfg = Release|ARM
		{D094D63B-A7DD-44D2-93B8-AF364B49108B}.Release|ARM.Build.0 = Release|ARM
		{D094D63B-A7DD-44D2-93B8-AF364B49108B}.Release|ARM.Deploy.0 = Release|ARM
		{D094D63B-A7DD-44D2-93B8-AF364B49108B}.Release|iPhone.ActiveCfg = Release|x86
		{D094D63B-A7DD-44D2-93B8-AF364B49108B}.Release|iPhoneSimulator.ActiveCfg = Release|x86
		{D094D63B-A7DD-44D2-93B8-AF364B49108B}.Release|x64.ActiveCfg = Release|x64
		{D094D63B-A7DD-44D2-93B8-AF364B49108B}.Release|x64.Build.0 = Release|x64
		{D094D63B-A7DD-44D2-93B8-AF364B49108B}.Release|x64.Deploy.0 = Release|x64
		{D094D63B-A7DD-44D2-93B8-AF364B49108B}.Release|x86.ActiveCfg = Release|x86
		{D094D63B-A7DD-44D2-93B8-AF364B49108B}.Release|x86.Build.0 = Release|x86
		{D094D63B-A7DD-44D2-93B8-AF364B49108B}.Release|x86.Deploy.0 = Release|x86
	EndGlobalSection
	GlobalSection(SolutionProperties) = preSolution
		HideSolutionNode = FALSE
	EndGlobalSection
EndGlobal
